{
  "projects": [
    {
      "projectId": "pTegSiZJp55bKXTV98MuX6",
      "version": "latest",
      "dependencies": {
        "8PtdGodUbexNYgkuyBUcWu": "3.6.0"
      },
      "lang": "ts",
      "fileLocks": [
        {
          "type": "globalVariant",
          "assetId": "HoUFG_cLxN_oL",
          "checksum": "2a9f6f22fe109a964b552c1327be9589"
        },
        {
          "type": "renderModule",
          "assetId": "A6vAu_yES3",
          "checksum": "e7fd9b7f950123c8abd28780d8e52ec3"
        },
        {
          "type": "cssRules",
          "assetId": "A6vAu_yES3",
          "checksum": "e7fd9b7f950123c8abd28780d8e52ec3"
        },
        {
          "type": "renderModule",
          "assetId": "mX_KddqaVHE",
          "checksum": "3e8465863e92a5ab817a49dc808f586a"
        },
        {
          "type": "cssRules",
          "assetId": "mX_KddqaVHE",
          "checksum": "3e8465863e92a5ab817a49dc808f586a"
        },
        {
          "type": "icon",
          "assetId": "Mo1BB3_rZh0",
          "checksum": "c385ffed193b1b0945581411d749ddde"
        },
        {
          "type": "icon",
          "assetId": "MuzntTFz56I",
          "checksum": "03584e5615290234c79e4e18bbf1dbd3"
        },
        {
          "type": "icon",
          "assetId": "YZgtIUC9zzk",
          "checksum": "f23337b75165b1bb069686f74d67efd7"
        },
        {
          "type": "icon",
          "assetId": "O_7UyWnupda",
          "checksum": "74785689280a985320333991cda8c42b"
        },
        {
          "type": "icon",
          "assetId": "gEdX1FnWqC3",
          "checksum": "47e36c5011d79c27166f215250c5acbd"
        },
        {
          "type": "icon",
          "assetId": "D_SJ8yNLESq",
          "checksum": "0400cd96758bafcae648528a3ddc2bc4"
        },
        {
          "type": "icon",
          "assetId": "MNZKcf6YEDj",
          "checksum": "bdd16f575570ba82621aa722c61c9c22"
        },
        {
          "type": "icon",
          "assetId": "ao2DVTP9EeW",
          "checksum": "1d0656a614c4b0323696398df0519ec0"
        },
        {
          "type": "icon",
          "assetId": "DRpDqV5dvya",
          "checksum": "7bfe27d8404793e226820b0dac7f0f26"
        },
        {
          "type": "icon",
          "assetId": "rSrLT7vC5SM",
          "checksum": "9aa0101df99d9b8e42d807ecd8a909ca"
        },
        {
          "type": "icon",
          "assetId": "89A0uX5P1",
          "checksum": "cbc129a33c90544f5b2cce4030678c3f"
        },
        {
          "type": "icon",
          "assetId": "O_ccV4bNDK",
          "checksum": "26c75f0e2e8ac0b4ad8ebbe6f1b667f2"
        },
        {
          "type": "icon",
          "assetId": "TMbFnm-ZQI",
          "checksum": "887a103772620c9ee01faf50c6da496d"
        },
        {
          "type": "icon",
          "assetId": "_SCt0sAYPD",
          "checksum": "9075f9825291cefed7838b53eb2955e4"
        },
        {
          "type": "icon",
          "assetId": "NHquK44PQ7S",
          "checksum": "6d675644134ed607d5137108e4da8fb5"
        },
        {
          "type": "icon",
          "assetId": "18iN6i0KgOx",
          "checksum": "18dd0dd8fd60abfb2389add41e0548b8"
        },
        {
          "type": "icon",
          "assetId": "EefoYRl-D8H",
          "checksum": "7de23e2b1bf9eb9336a2bfddec45ecd4"
        },
        {
          "type": "icon",
          "assetId": "pNBD5qshYHo",
          "checksum": "621bb23656303c1d740af620158685c5"
        },
        {
          "type": "icon",
          "assetId": "cbYxsSbjK",
          "checksum": "0f5cb8a5db3be6f96833f99bf318a0f7"
        },
        {
          "type": "icon",
          "assetId": "k3RE5uMRxS",
          "checksum": "e7a41965339f03b5cd775204522c8159"
        },
        {
          "type": "icon",
          "assetId": "3jP2N6sa9b",
          "checksum": "63a51f5cb50821e0d8c8f913105613c9"
        },
        {
          "type": "icon",
          "assetId": "cCFXqCAXNz",
          "checksum": "5a691862897ead3ab66e19d38db75684"
        },
        {
          "type": "icon",
          "assetId": "y0OJ8WOpA6",
          "checksum": "4de5fae79b905f9aca573df1b7c18885"
        },
        {
          "type": "icon",
          "assetId": "rSc_WR4c8O",
          "checksum": "e05f7f8b828180e2f1736e9df8d71059"
        },
        {
          "type": "icon",
          "assetId": "RKRCCKAmyu",
          "checksum": "9b073ef3f3e7bd61b2c6d343732a56b7"
        },
        {
          "type": "icon",
          "assetId": "rw7Hbtzr6m",
          "checksum": "83d8f5b853e9e64af858db6e53c8bca5"
        },
        {
          "type": "icon",
          "assetId": "86sb2j-E8_",
          "checksum": "ac8eb255ff3aae0c87580acb52c98042"
        },
        {
          "type": "icon",
          "assetId": "l1moY1ZoWaF",
          "checksum": "62bc84451f82fba07503cb8fcad95c66"
        },
        {
          "type": "icon",
          "assetId": "ajzA-8y554C",
          "checksum": "7f38f587726376017377a6958889d5cf"
        },
        {
          "type": "icon",
          "assetId": "BAi1E7uR98",
          "checksum": "1c0ba4bc263501a24784a4d2d5cea0ee"
        },
        {
          "type": "icon",
          "assetId": "BqKuRUSV5Z",
          "checksum": "4908cadc03a4ba3a187ce46f62548486"
        },
        {
          "type": "image",
          "assetId": "_3UhcS_QS",
          "checksum": "c20d8ba62376f425a58c1360bebd777a"
        },
        {
          "type": "image",
          "assetId": "NPOcoCI6I6",
          "checksum": "dc6afd4b34f203f3e65997f55ed75470"
        },
        {
          "type": "image",
          "assetId": "xDzCv1dat-",
          "checksum": "77eae776028c5d5d00f3fa3399e38cdb"
        },
        {
          "type": "image",
          "assetId": "SdbzyyJOSO",
          "checksum": "87dfe8bacf2822fbd86c814c9d589eff"
        },
        {
          "type": "image",
          "assetId": "uZZmYFn4k1",
          "checksum": "07ed50bb200a86395a9fd8e22c3d9a5b"
        },
        {
          "type": "image",
          "assetId": "sX7amrEZqV",
          "checksum": "c6666f65553b950d8857c3510f862c87"
        },
        {
          "type": "image",
          "assetId": "6OTmgIvytV",
          "checksum": "f72406b82ab27ccb2153e667226115eb"
        },
        {
          "type": "image",
          "assetId": "JbNwSy34Gg",
          "checksum": "26c6868d3aa36290b6be6f68c500b770"
        },
        {
          "type": "image",
          "assetId": "2cj0py0-ZK",
          "checksum": "87e3c6cd18d246d92629ac097e8d5795"
        },
        {
          "type": "image",
          "assetId": "IaTYm-rTcH",
          "checksum": "0f7905c0cdb0aed3854e7931d1d1abe2"
        },
        {
          "type": "image",
          "assetId": "e8XHIOCPzG",
          "checksum": "75bde5c2455bcc3a1c4d87a57a1be5f3"
        },
        {
          "type": "image",
          "assetId": "J_Z45uYeR5",
          "checksum": "ab598687d68a0676b7180cd4d97e7c9f"
        },
        {
          "type": "image",
          "assetId": "DMLHf0YMgn",
          "checksum": "afa2b2dd450a72bc37beab7b937155c8"
        },
        {
          "type": "image",
          "assetId": "4hV86Pxxsi",
          "checksum": "ea333340f20c52c5eb4126f41f18561a"
        },
        {
          "type": "image",
          "assetId": "m7ChM9iJwi",
          "checksum": "b2779ebb98e03439177027a85742a1cd"
        },
        {
          "type": "image",
          "assetId": "zWNWGG0WiO",
          "checksum": "c79a7f5c91bdf8b9712cf73a19ed24be"
        },
        {
          "type": "image",
          "assetId": "RILOi8BsAEN",
          "checksum": "fad5a95002f7188b4120fbcdcdb22aad"
        },
        {
          "type": "image",
          "assetId": "24kNnHFzZB8",
          "checksum": "0a238975ee291951008d692128f952f8"
        },
        {
          "type": "image",
          "assetId": "XPPSjwR_Uh0",
          "checksum": "134528aceb4aeb84d5d780ccf4a520eb"
        },
        {
          "type": "image",
          "assetId": "DPYtELnlr2f",
          "checksum": "4bb30458e0f0e8d883ed63b5eaf62989"
        },
        {
          "type": "image",
          "assetId": "_bNe53dLF4k",
          "checksum": "84a555380c993058f21de5a3638c4443"
        },
        {
          "type": "image",
          "assetId": "lANNf4NpvBc",
          "checksum": "a0557aad30d58ade1da1903701bb06ce"
        },
        {
          "type": "image",
          "assetId": "7YkvhLb0dOG",
          "checksum": "b7d20288ddf99f104d04ffbe6cbb5f9d"
        },
        {
          "type": "image",
          "assetId": "a_P4LUn0PG7",
          "checksum": "2a9dbdead9bac93fe7c38721bbdd2892"
        },
        {
          "type": "image",
          "assetId": "YeKCnRETyCx",
          "checksum": "a76fbceee045b489478e5152d4f27d5b"
        },
        {
          "type": "image",
          "assetId": "h1IdgV0nUL4",
          "checksum": "7cd0189341d3524bc5da6d6e3514d483"
        },
        {
          "type": "image",
          "assetId": "uoiJylDABXN",
          "checksum": "f6d2cc98f844c9e73ad0aba7ebd7ef15"
        },
        {
          "type": "image",
          "assetId": "ki80RDKwA0-",
          "checksum": "3c8305458057e86dfc2efc46fa9ef5d3"
        },
        {
          "type": "image",
          "assetId": "hi_3olY8G6f",
          "checksum": "fa1bc5ae2cb62e7f2e2a82240cdc2e75"
        },
        {
          "type": "image",
          "assetId": "FQupGXJSD6I",
          "checksum": "7395bd5e7ff748572ac6e7293e2decd7"
        },
        {
          "type": "image",
          "assetId": "Xg0TCtlIIJV",
          "checksum": "995cb25c4edf97692e61102e064f408d"
        },
        {
          "type": "image",
          "assetId": "5W-VWFM1HGp",
          "checksum": "91d8dd9836cf5c515951b93c3a999aaa"
        },
        {
          "type": "image",
          "assetId": "hJf3gV4JE7z",
          "checksum": "9d10381e17d6965f2f740fe40b0e7cfd"
        },
        {
          "type": "image",
          "assetId": "TSlqeyOSVJr",
          "checksum": "661b7d55eaec15657fbcd39f3f99dac4"
        },
        {
          "type": "image",
          "assetId": "npwVxC1AmPQ",
          "checksum": "98e8e4ce2aabe013e27ec8e13fae61d0"
        },
        {
          "type": "image",
          "assetId": "VHqtYKTNtcP",
          "checksum": "10470283bd68d4dbf4c9802f40ca7d06"
        },
        {
          "type": "image",
          "assetId": "TUx8xDhpdo2",
          "checksum": "c111dcdfe01842e5d96c7dbd22e6f368"
        },
        {
          "type": "image",
          "assetId": "9QZXMwue0zI",
          "checksum": "09ae0683185bdfef5091a92391e1fa5b"
        },
        {
          "type": "image",
          "assetId": "tq7bvF1MelB",
          "checksum": "1f45a16f4079874f0388bc5dc4906527"
        },
        {
          "type": "image",
          "assetId": "YxBhFn_JAo0",
          "checksum": "877f60e7c03b1dc71541b4667d15d51d"
        },
        {
          "type": "image",
          "assetId": "iDUbMu39xS5",
          "checksum": "7dc38a18f857ce8b96b3bc05f67cb9e0"
        },
        {
          "type": "image",
          "assetId": "1ehZ-6JW4_P",
          "checksum": "926e466ec48e031f3841d699f291b6c2"
        },
        {
          "type": "image",
          "assetId": "N2FrcoFRksw",
          "checksum": "4aafe2674ba2b0560daa69980124fc8c"
        },
        {
          "type": "image",
          "assetId": "4E8xGHk6WrS",
          "checksum": "17eba882c368cb9805c73908d2f69bb3"
        },
        {
          "type": "image",
          "assetId": "aMFWd98D0VU",
          "checksum": "50d326d58a72960dbc060845ec2f02e8"
        },
        {
          "type": "image",
          "assetId": "OwBYxB6PBxg",
          "checksum": "6997249b5e926b7efb20a63c3813d098"
        },
        {
          "type": "image",
          "assetId": "AqU9VcPD3y7",
          "checksum": "18546619be4d39be2aaf9009d064e2a9"
        },
        {
          "type": "image",
          "assetId": "jXKYLTUJXe",
          "checksum": "f9ee6cfb6a8fea1df25254fed0c6f097"
        },
        {
          "type": "image",
          "assetId": "LRR8QA6HnA",
          "checksum": "d0fb75ca9c3b3b076bdc9307d803fe53"
        },
        {
          "type": "image",
          "assetId": "hEcX-YzCnP",
          "checksum": "d04d1268f67fdcecfe3561a69bd81a11"
        },
        {
          "type": "image",
          "assetId": "cojUTcNXEq",
          "checksum": "8e9e532366cf61b19be43280c95a70ed"
        },
        {
          "type": "image",
          "assetId": "7KWMHRIzTs",
          "checksum": "922c40a75d53dcc5952b3516f9f67548"
        },
        {
          "type": "image",
          "assetId": "k5zdRXswHF",
          "checksum": "88ba3d160457a32af34a9cd9caaada9e"
        },
        {
          "type": "image",
          "assetId": "_veBCLQWcq",
          "checksum": "8b72770e38d10b9c9e9f2d82e1fabbf5"
        },
        {
          "type": "image",
          "assetId": "J2iL7kemrT",
          "checksum": "4129a4f390322e8ed42bd52c6cfc2742"
        },
        {
          "type": "image",
          "assetId": "DoqX0Ua5UL",
          "checksum": "d884069c92472907401ed2de9f662bc2"
        },
        {
          "type": "image",
          "assetId": "rx3TXbBaoa",
          "checksum": "78813b267a06fdb4148af80210d7f53d"
        },
        {
          "type": "image",
          "assetId": "9uGF4hXLuN",
          "checksum": "54cdb7e4f3c546160583f2dc8914231b"
        },
        {
          "type": "image",
          "assetId": "0ypC3aMFNy",
          "checksum": "8cc43c41eec52fdcc6351eadbca99a84"
        },
        {
          "type": "image",
          "assetId": "4uqZZTdBv",
          "checksum": "4bf6aefe1d4f0647a2be3200ddb737c1"
        },
        {
          "type": "image",
          "assetId": "MEJ7GoPIOb",
          "checksum": "c95d8e06092caaf6c45f2b57dcbe7d8c"
        },
        {
          "type": "image",
          "assetId": "uz50QGe1zZ",
          "checksum": "821d6427e3a88f67e69c950612fbb971"
        },
        {
          "type": "image",
          "assetId": "ehui9IFQF_",
          "checksum": "c925cab9ab3ddb0acf6995ae3bcbebdc"
        },
        {
          "type": "image",
          "assetId": "fJ3tuTJsfV",
          "checksum": "740ad2d8367270b62b1af0d362a56682"
        },
        {
          "type": "image",
          "assetId": "jIhUvPhlLD",
          "checksum": "77e528fa539dae33b4cc2d4456ee3a77"
        },
        {
          "type": "image",
          "assetId": "WbgkxfTi9u",
          "checksum": "bdef5a4d5e06f6390231754ef796bd18"
        },
        {
          "type": "image",
          "assetId": "YDXeDI0Equ",
          "checksum": "d490bdaa5bec6603d0798e2888353504"
        },
        {
          "type": "image",
          "assetId": "s6pnMqs7oz",
          "checksum": "ac90d571f896f40c4e31b969ac330256"
        },
        {
          "type": "image",
          "assetId": "kMrS7dsFsN",
          "checksum": "98c7ceb4a36e1d1d401bfbaa0861243d"
        },
        {
          "type": "image",
          "assetId": "oNSkQOnwIQ",
          "checksum": "ea677929b2880b5bfe63d9efba0f12a8"
        },
        {
          "type": "image",
          "assetId": "a9Aa12kvky",
          "checksum": "5cc13ea18b2ead99face4e6ba232f4f9"
        },
        {
          "type": "image",
          "assetId": "VkwPIw-RsD",
          "checksum": "db35810270e3fed8aa9681cd82cd8dca"
        },
        {
          "type": "image",
          "assetId": "vKJBisjvop",
          "checksum": "ea77d70bb918f6345b7e9f66cfa22638"
        },
        {
          "type": "image",
          "assetId": "5lV08TECW2",
          "checksum": "bb801966f3a5affafccf12d5ceaef174"
        },
        {
          "type": "image",
          "assetId": "YNj3ceJ5oM2",
          "checksum": "a7888cb6c682da76206741a357027332"
        },
        {
          "type": "image",
          "assetId": "i8UKyQ0twta",
          "checksum": "36eb02d235d32b19a29e7ae5fea4d710"
        },
        {
          "type": "image",
          "assetId": "jtSttaDIz2-",
          "checksum": "ea472bf12b7190d965830c727ba9b8d4"
        },
        {
          "type": "image",
          "assetId": "xuljmOErRPJ",
          "checksum": "740e147328e26827726d36e89e0d948d"
        },
        {
          "type": "image",
          "assetId": "m63ghB0IBa-",
          "checksum": "72e14de5552937b5533171a57c85c384"
        },
        {
          "type": "image",
          "assetId": "byemhaP6Zac",
          "checksum": "f48e4beb983cdb015dc585b1689d2895"
        },
        {
          "type": "image",
          "assetId": "stttOqPc0ES",
          "checksum": "126acd48c726ead61462bf5c27b8ece7"
        },
        {
          "type": "image",
          "assetId": "N5NvL3pBRIp",
          "checksum": "bc7f92c27d953d547d13477b60644a6a"
        },
        {
          "type": "image",
          "assetId": "yOODELGadYC",
          "checksum": "b4089a7472d887ce05a4781d2696086f"
        },
        {
          "type": "image",
          "assetId": "f_Z6sGpI4u-",
          "checksum": "7aa93251d8d1d37e49fbc468f32ef6c5"
        },
        {
          "type": "image",
          "assetId": "GtjcZ9Cc_pT",
          "checksum": "8809f53d6d25f1e629e7b0856a416fbd"
        },
        {
          "type": "image",
          "assetId": "I3SMTLABDJq",
          "checksum": "4522416d8df5d91d19e64234c68cbb1a"
        },
        {
          "type": "image",
          "assetId": "VCX7exT12c5",
          "checksum": "170d4e1eec65ed0762b572c4b0c53c51"
        },
        {
          "type": "image",
          "assetId": "LUJyiuKB4bR",
          "checksum": "851e1e75bce8ef14d7d2b49d9389680d"
        },
        {
          "type": "image",
          "assetId": "CK9jYzIFg5j",
          "checksum": "373c8d2e711b675d99c7cc4b37c00cb5"
        },
        {
          "type": "image",
          "assetId": "IBIR4EOCZ3-",
          "checksum": "f5f64b8fcc7e282f005edfc6458f1567"
        },
        {
          "type": "image",
          "assetId": "TbUMRetGd-O",
          "checksum": "d3edb2cb78f11f05cc27fb8b11b3251e"
        },
        {
          "type": "image",
          "assetId": "6i2bJy1uaHy",
          "checksum": "8f22115aa60527fee15e5faeaee9d929"
        },
        {
          "type": "image",
          "assetId": "MNVO864wpAu",
          "checksum": "16841ccab92e9dac81100ac3dd090875"
        },
        {
          "type": "image",
          "assetId": "n0M_37fTj4s",
          "checksum": "5d619138d5f756fe7b8aef7e223a178e"
        },
        {
          "type": "image",
          "assetId": "a1T6TK_W84p",
          "checksum": "1a9b14383743603a007b7c513a2c9bca"
        },
        {
          "type": "image",
          "assetId": "L25n0iglgEB",
          "checksum": "84b236d2aa9767bc87c8bca705228c36"
        },
        {
          "type": "image",
          "assetId": "xKPKrworC",
          "checksum": "6c0f64e4fcac7d5cb4334d857bb93ba6"
        },
        {
          "type": "image",
          "assetId": "FrW2ztS-W",
          "checksum": "564144e7aa346fcb57cd2ad49ba7aae7"
        },
        {
          "assetId": "pTegSiZJp55bKXTV98MuX6",
          "checksum": "8138372519820d77d0291e575c1391cf",
          "type": "globalContexts"
        },
        {
          "type": "renderModule",
          "assetId": "CZS5K_VsD9",
          "checksum": "bc235b8649be391e0131fd29c7181b42"
        },
        {
          "type": "cssRules",
          "assetId": "CZS5K_VsD9",
          "checksum": "bc235b8649be391e0131fd29c7181b42"
        },
        {
          "type": "renderModule",
          "assetId": "r6NUWKzw9O",
          "checksum": "50f2d8fc338639cbe610dcd00e79f7a9"
        },
        {
          "type": "cssRules",
          "assetId": "r6NUWKzw9O",
          "checksum": "50f2d8fc338639cbe610dcd00e79f7a9"
        },
        {
          "type": "renderModule",
          "assetId": "SnDGHUcps8",
          "checksum": "73bd89afb8d0492be5dac2a08ff8da7c"
        },
        {
          "type": "cssRules",
          "assetId": "SnDGHUcps8",
          "checksum": "73bd89afb8d0492be5dac2a08ff8da7c"
        },
        {
          "type": "renderModule",
          "assetId": "OM98w0nlmw",
          "checksum": "d889a441397c7e62132584301084a990"
        },
        {
          "type": "cssRules",
          "assetId": "OM98w0nlmw",
          "checksum": "d889a441397c7e62132584301084a990"
        },
        {
          "type": "renderModule",
          "assetId": "bEw8_Js6cQ",
          "checksum": "ab0aad24057bb1ceda8efa36af25a163"
        },
        {
          "type": "cssRules",
          "assetId": "bEw8_Js6cQ",
          "checksum": "ab0aad24057bb1ceda8efa36af25a163"
        },
        {
          "type": "renderModule",
          "assetId": "AG3PbycRE-",
          "checksum": "fe86542bdc3cf8ab238df1fa4dcc32da"
        },
        {
          "type": "cssRules",
          "assetId": "AG3PbycRE-",
          "checksum": "fe86542bdc3cf8ab238df1fa4dcc32da"
        },
        {
          "type": "renderModule",
          "assetId": "D9ifA0SeNT",
          "checksum": "4e0d550d2bc37834e3d953c4d69464a8"
        },
        {
          "type": "cssRules",
          "assetId": "D9ifA0SeNT",
          "checksum": "4e0d550d2bc37834e3d953c4d69464a8"
        },
        {
          "type": "renderModule",
          "assetId": "h3jlN3DP8M",
          "checksum": "03ffa6b83e27dc34754598928e40503b"
        },
        {
          "type": "cssRules",
          "assetId": "h3jlN3DP8M",
          "checksum": "03ffa6b83e27dc34754598928e40503b"
        },
        {
          "type": "renderModule",
          "assetId": "RLq9-98SiQ",
          "checksum": "f7ddc40c6483b6fa16de55b57dbb1d28"
        },
        {
          "type": "cssRules",
          "assetId": "RLq9-98SiQ",
          "checksum": "f7ddc40c6483b6fa16de55b57dbb1d28"
        },
        {
          "type": "renderModule",
          "assetId": "1zaekVdaGd",
          "checksum": "5ec9fdfbd30ddf1e6ba8a85b24a5133b"
        },
        {
          "type": "cssRules",
          "assetId": "1zaekVdaGd",
          "checksum": "5ec9fdfbd30ddf1e6ba8a85b24a5133b"
        },
        {
          "type": "renderModule",
          "assetId": "GMq1kqYdfA",
          "checksum": "39420fe6c47d65d3d81b1ce981cd8c55"
        },
        {
          "type": "cssRules",
          "assetId": "GMq1kqYdfA",
          "checksum": "39420fe6c47d65d3d81b1ce981cd8c55"
        },
        {
          "type": "renderModule",
          "assetId": "iCrz-rL7WT",
          "checksum": "7f203df3f5d507380dea741c5e713eb1"
        },
        {
          "type": "cssRules",
          "assetId": "iCrz-rL7WT",
          "checksum": "7f203df3f5d507380dea741c5e713eb1"
        },
        {
          "type": "renderModule",
          "assetId": "GQ-eLSG5wU",
          "checksum": "77b03492992bd316f7f9f4db22ce807b"
        },
        {
          "type": "cssRules",
          "assetId": "GQ-eLSG5wU",
          "checksum": "77b03492992bd316f7f9f4db22ce807b"
        },
        {
          "type": "renderModule",
          "assetId": "oKJDDWWInS",
          "checksum": "63d674a21a772b1b2ece00e1c2d016c3"
        },
        {
          "type": "cssRules",
          "assetId": "oKJDDWWInS",
          "checksum": "63d674a21a772b1b2ece00e1c2d016c3"
        },
        {
          "type": "renderModule",
          "assetId": "cQ9uZKVS15",
          "checksum": "c25c3676b886f3a79641ae7ce562fdbe"
        },
        {
          "type": "cssRules",
          "assetId": "cQ9uZKVS15",
          "checksum": "c25c3676b886f3a79641ae7ce562fdbe"
        },
        {
          "type": "renderModule",
          "assetId": "8enjjafPVd",
          "checksum": "3752bce5e2ab612388418ccc48ca496c"
        },
        {
          "type": "cssRules",
          "assetId": "8enjjafPVd",
          "checksum": "3752bce5e2ab612388418ccc48ca496c"
        },
        {
          "type": "renderModule",
          "assetId": "64uJSaLjRe",
          "checksum": "afb50ddf9aa071e9982f3e9acfaf02f6"
        },
        {
          "type": "cssRules",
          "assetId": "64uJSaLjRe",
          "checksum": "afb50ddf9aa071e9982f3e9acfaf02f6"
        },
        {
          "type": "renderModule",
          "assetId": "HfRk4Osuyd",
          "checksum": "47cc7b63d53fff76f175076d8aa46257"
        },
        {
          "type": "cssRules",
          "assetId": "HfRk4Osuyd",
          "checksum": "47cc7b63d53fff76f175076d8aa46257"
        },
        {
          "type": "renderModule",
          "assetId": "7L1iefD1JK",
          "checksum": "c449399becfbbe870c3373368749929c"
        },
        {
          "type": "cssRules",
          "assetId": "7L1iefD1JK",
          "checksum": "c449399becfbbe870c3373368749929c"
        },
        {
          "type": "renderModule",
          "assetId": "Ut1D1rxZSt",
          "checksum": "53a3395530f8a1207f9019484ae83502"
        },
        {
          "type": "cssRules",
          "assetId": "Ut1D1rxZSt",
          "checksum": "53a3395530f8a1207f9019484ae83502"
        },
        {
          "type": "renderModule",
          "assetId": "ZVVeXXYLXc",
          "checksum": "cd3a76ff7e769caf32b9ed941f04882d"
        },
        {
          "type": "cssRules",
          "assetId": "ZVVeXXYLXc",
          "checksum": "cd3a76ff7e769caf32b9ed941f04882d"
        },
        {
          "type": "renderModule",
          "assetId": "b79Twn08M2",
          "checksum": "2bbc4901e49a82fccc290462920b76c3"
        },
        {
          "type": "cssRules",
          "assetId": "b79Twn08M2",
          "checksum": "2bbc4901e49a82fccc290462920b76c3"
        },
        {
          "type": "renderModule",
          "assetId": "2xMBuAvNit",
          "checksum": "490a7d66f3bd8f4b2e95eaaa7070bcc3"
        },
        {
          "type": "cssRules",
          "assetId": "2xMBuAvNit",
          "checksum": "490a7d66f3bd8f4b2e95eaaa7070bcc3"
        },
        {
          "type": "renderModule",
          "assetId": "Uagda_k6SH",
          "checksum": "5b05bc888882178703b5586d675ccfac"
        },
        {
          "type": "cssRules",
          "assetId": "Uagda_k6SH",
          "checksum": "5b05bc888882178703b5586d675ccfac"
        },
        {
          "type": "renderModule",
          "assetId": "EsBBbu3Phf",
          "checksum": "81617af8fc52ee4c20592a8044beb493"
        },
        {
          "type": "cssRules",
          "assetId": "EsBBbu3Phf",
          "checksum": "81617af8fc52ee4c20592a8044beb493"
        },
        {
          "type": "renderModule",
          "assetId": "95bAS0CFTk",
          "checksum": "72f88b6ccc87d3ca7c844cad199b0ef4"
        },
        {
          "type": "cssRules",
          "assetId": "95bAS0CFTk",
          "checksum": "72f88b6ccc87d3ca7c844cad199b0ef4"
        },
        {
          "type": "renderModule",
          "assetId": "FaDzIxYVJl",
          "checksum": "8ae123d3d1e968d91a4cbe45d73abdad"
        },
        {
          "type": "cssRules",
          "assetId": "FaDzIxYVJl",
          "checksum": "8ae123d3d1e968d91a4cbe45d73abdad"
        },
        {
          "type": "renderModule",
          "assetId": "jZGcplvKdQ",
          "checksum": "3046846dc155b493f76f8919fb446ba1"
        },
        {
          "type": "cssRules",
          "assetId": "jZGcplvKdQ",
          "checksum": "3046846dc155b493f76f8919fb446ba1"
        },
        {
          "type": "icon",
          "assetId": "bB_fQQEs9_",
          "checksum": "c7dec343c223adfacc85e23ad6466982"
        },
        {
          "assetId": "pTegSiZJp55bKXTV98MuX6",
          "type": "projectCss",
          "checksum": "8382fba68239561d875ece56624dda09"
        }
      ],
      "codegenVersion": "0.0.1"
    },
    {
      "projectId": "8PtdGodUbexNYgkuyBUcWu",
      "version": "3.6.0",
      "dependencies": {},
      "lang": "ts",
      "fileLocks": [
        {
          "assetId": "8PtdGodUbexNYgkuyBUcWu",
          "type": "projectCss",
          "checksum": "70a020cc0c157d418777efda97c4ba33"
        },
        {
          "assetId": "8PtdGodUbexNYgkuyBUcWu",
          "checksum": "82081a65ef0a9809edc60ec6b4a9d708",
          "type": "globalContexts"
        }
      ],
      "codegenVersion": "0.0.1"
    }
  ],
  "cliVersion": "0.1.187"
}
